1462075200,222819,
1464753600,225245,
1467345600,227453,
1470024000,230125,
1472702400,232855,
1475294400,235593,
1477972800,238520,1
1480568400,241208,2
1483246800,244107,3
1485925200,246932,4
1488344400,250139,5
1491019200,253648,6
1493611200,257069,7
1496289600,260585,8
1498881600,264511,9
1501560000,268395,10
1504238400,272112,11
1506830400,275532,12
1509508800,279647,13
1512104400,283576,14
1514782800,287558,15
1517461200,292173,16
1519880400,296128,17
1522555200,300655,18
1525147200,305008,19
1527825600,309468,20
1530417600,314101,21
1533096000,319027,22
1535774400,323653,23
1538366400,328265,24
1541044800,332778,25
1543640400,337903,26
1546318800,341974,27
1548997200,346881,28
1551416400,351771,29
1554091200,357393,30
1556683200,362592,31
1559361600,367863,32
1561953600,372744,33
1564632000,377916,34
1567310400,382914,35
1569902400,388004,36
1572580800,392985,37
1575176400,397975,38
1577854800,402937,39
1580533200,408027,40
1583038800,412663,41
1585713600,418199,42
1588305600,423735,43
1590984000,429489,44
1593576000,434764,45
1596254400,440208,46
1598932800,445491,47
1601524800,450909,48
1604203200,456764,49
1606798800,463350,50
