1462075200,222358,
1464753600,224768,
1467345600,226968,
1470024000,229637,
1472702400,232355,
1475294400,235076,
1477972800,237991,1
1480568400,240673,2
1483246800,243547,3
1485925200,246352,4
1488344400,249546,5
1491019200,253045,6
1493611200,256464,7
1496289600,259946,8
1498881600,263846,9
1501560000,267707,10
1504238400,271413,11
1506830400,274797,12
1509508800,278847,13
1512104400,282726,14
1514782800,286638,15
1517461200,291224,16
1519880400,295150,17
1522555200,299656,18
1525147200,303985,19
1527825600,308413,20
1530417600,313003,21
1533096000,317886,22
1535774400,322467,23
1538366400,327050,24
1541044800,331481,25
1543640400,336567,26
1546318800,340633,27
1548997200,345506,28
1551416400,350343,29
1554091200,355923,30
1556683200,360905,31
1559361600,366100,32
1561953600,370897,33
1564632000,376004,34
1567310400,380990,35
1569902400,385998,36
1572580800,390940,37
1575176400,395859,38
1577854800,400786,39
1580533200,405785,40
1583038800,410300,41
1585713600,415699,42
1588305600,421054,43
1590984000,426557,44
1593576000,431680,45
1596254400,436885,46
1598932800,441926,47
1601524800,447143,48
1604203200,451959,49
1606798800,456690,50
1609477200,461582,51
1612155600,466858,52
1614574800,471878,53
1617249600,479422,54
1619841600,485922,55
1622520000,491891,56
1625112000,503575,57
