1577854800,951410,
1580533200,955110,
1583038800,49214,
1585713600,45760,
1588305600,47805,
1590984000,49676,
1593576000,50425,
1596254400,51178,
1598932800,51925,
1601524800,52697,1
1604203200,53451,2
1606798800,54189,3
1609477200,54904,4
1612155600,55792,5
1614574800,56578,6
1617249600,59052,
1619841600,60629,
1622520000,61722,1
1625112000,63780,2
1627790400,64717,3
