1577854800,951396,
1580533200,955096,
1583038800,958683,
1585713600,275901,
1588305600,281313,
1590984000,286868,
1593576000,292036,
1596254400,297061,
1598932800,301949,1
1601524800,306927,2
1604203200,312019,3
1606798800,316999,4
1609477200,321922,5
1612155600,327246,6
1614574800,332291,7
1617249600,339840,8
1619841600,345868,9
1622520000,351874,10
1625112000,363433,11
1627790400,369168,12
