1451624400,30989,
1454302800,32195,
1456808400,33455,
1459483200,34891,
1462075200,36346,
1464753600,37669,
1467345600,38911,1
1470024000,40249,2
1472702400,41653,3
1475294400,42858,4
1477972800,44291,5
1480568400,45680,6
1483246800,46993,7
1485925200,48349,8
1488344400,49831,9
1491019200,51511,10
1493611200,53083,11
1496289600,54691,12
1498881600,56318,13
1501560000,58009,14
1504238400,59615,15
1506830400,61091,16
1509508800,62884,17
1512104400,64575,18
1514782800,66245,19
1517461200,68165,20
1519880400,69888,21
1522555200,71768,22
1525147200,73766,23
1527825600,75668,24
1530417600,77497,25
1533096000,79384,26
1535774400,87582,
1538366400,89583,
1541044800,91536,
1543640400,93976,
1546318800,95905,
1548997200,98113,1
1551416400,100223,2
1554091200,102680,3
1556683200,104871,4
1559361600,107317,5
1561953600,109388,6
1564632000,111535,7
1567310400,113713,8
1569902400,116090,9
1572580800,118323,10
1575176400,120485,11
1577854800,122709,12
1580533200,124970,13
1583038800,126851,14
1585713600,129079,15
1588305600,131369,16
1590984000,133917,17
1593576000,136030,18
1596254400,138321,19
1598932800,140473,20
1601524800,142636,21
1604203200,144670,22
1606798800,146643,23
1609477200,148812,24
1612155600,151124,25
1614574800,153335,26
1617249600,157617,27
1619841600,160933,28
1622520000,163819,29
1625112000,168808,30
1627790400,171458,31
