1433131200,127354,
1435723200,128784,
1438401600,130728,
1441080000,132764,
1443672000,134957,
1446350400,137203,
1448946000,29717,0
1451624400,31037,0
1454302800,32244,0
1456808400,33497,0
1459483200,34940,0
1462075200,36435,1
1464753600,37762,2
1467345600,39010,3
1470024000,40360,4
1472702400,41767,5
1475294400,43000,6
1477972800,44446,7
1480568400,45818,8
1483246800,47175,9
1485925200,48583,10
1488344400,50101,11
1491019200,51772,12
1493611200,53369,13
1496289600,54951,14
1498881600,56652,15
1501560000,58326,16
1504238400,59940,17
1506830400,61448,18
1509508800,63236,19
1512104400,64983,20
1514782800,66654,21
1517461200,68626,22
1519880400,70381,23
1522555200,72346,24
1525147200,74365,25
1527825600,76285,26
1530417600,78181,27
1533096000,80085,28
1535774400,88068,0
1538366400,90061,0
1541044800,92055,0
1543640400,94494,0
1546318800,96452,0
1548997200,98696,1
1551416400,100868,2
1554091200,103359,3
1556683200,105586,4
1559361600,108058,5
1561953600,110181,6
1564632000,112375,7
1567310400,114584,8
1569902400,116973,9
1572580800,119225,10
1575176400,121439,11
1577854800,123742,12
1580533200,126010,13
1583038800,127977,14
1585713600,130311,15
1588305600,132711,16
1590984000,135321,17
1593576000,137487,18
1596254400,139844,19
1598932800,142104,20
1601524800,144396,21
1604203200,147366,22
1606798800,151118,23
