1525147200,112533,
1527825600,115386,
1530417600,118317,
1533096000,121152,
1535774400,81728,
1538366400,86995,
1541044800,111507,
1543640400,114366,
1546318800,93080,
1548997200,90671,
1551416400,92702,
1554091200,56461,
1556683200,59231,
1559361600,104294,
1561953600,86178,
1564632000,87893,
1567310400,89568,
1569902400,91357,
1572580800,93004,
1575176400,94693,1
1577854800,96497,2
1580533200,98203,3
1583038800,99805,4
1585713600,40755,
1588305600,41034,
1590984000,41799,
1593576000,42443,
1596254400,42969,
1598932800,43115,1
1601524800,43313,
1604203200,42606,
1606798800,98943,
1609477200,87847,
1612155600,87495,
1614574800,85607,
1617249600,90761,
1619841600,93136,
1622520000,94814,
1625112000,98106,
