1535774400,627925,
1538366400,631531,
1541044800,635278,
1543640400,639601,
1546318800,643021,
1548997200,647291,
1551416400,651523,1
1554091200,656577,2
1556683200,661269,3
1559361600,666064,4
1561953600,670594,5
1564632000,675311,6
1567310400,679923,7
1569902400,684680,8
1572580800,689324,9
1575176400,694005,10
1577854800,698679,11
1580533200,703504,12
1583038800,707911,13
1585713600,713204,14
1588305600,718496,15
1590984000,724049,16
1593576000,729080,17
1596254400,734310,18
1598932800,739407,19
1601524800,744638,20
1604203200,750321,21
1606798800,756720,22
