1414814400,15645,
1417410000,16411,
1420088400,16857,
1422766800,17755,
1425186000,18637,
1427860800,19428,
1430452800,20302,1
1433131200,21216,2
1435723200,22082,3
1438401600,23260,4
1441080000,24390,5
1443672000,25463,6
1446350400,26527,7
1448946000,27666,8
1451624400,28933,9
1454302800,30090,10
1456808400,31320,11
1459483200,32650,12
1462075200,33994,13
1464753600,35301,14
1467345600,36476,15
1470024000,37769,16
1472702400,39087,17
1475294400,40245,18
1477972800,41633,19
1480568400,42931,20
1483246800,44238,21
1485925200,45479,22
1488344400,46906,23
1491019200,48543,24
1493611200,50099,25
1496289600,51686,26
1498881600,53174,27
1501560000,54767,28
1504238400,56345,29
1506830400,57803,30
1509508800,59479,31
1512104400,61104,32
1514782800,62748,33
1517461200,64584,34
1519880400,66185,35
1522555200,68064,36
1525147200,69715,37
1527825600,71729,38
1530417600,73544,39
1533096000,75407,40
1535774400,58746,0
1538366400,60073,0
1541044800,61408,0
1543640400,62998,0
1546318800,64291,0
1548997200,65793,1
1551416400,67183,2
1554091200,68815,3
1556683200,70428,4
1559361600,72092,5
1561953600,73478,6
1564632000,74953,7
1567310400,76366,8
1569902400,77912,9
1572580800,79370,10
1575176400,80844,11
1577854800,82471,12
1580533200,83930,13
1583038800,85385,14
1585713600,87011,15
1588305600,88671,16
1590984000,90404,17
1593576000,91823,18
1596254400,93268,19
1598932800,94765,20
1601524800,96247,21
1604203200,98177,22
1606798800,100578,23
