1451624400,28893,
1454302800,30046,
1456808400,31280,
1459483200,32604,
1462075200,34068,
1464753600,35370,
1467345600,36564,1
1470024000,37862,2
1472702400,39176,3
1475294400,40330,4
1477972800,41717,5
1480568400,43037,6
1483246800,44374,7
1485925200,45682,8
1488344400,47119,9
1491019200,48778,10
1493611200,50345,11
1496289600,51862,12
1498881600,53441,13
1501560000,55076,14
1504238400,56633,15
1506830400,58114,16
1509508800,59804,17
1512104400,61428,18
1514782800,63071,19
1517461200,64875,20
1519880400,66516,21
1522555200,68432,22
1525147200,70175,23
1527825600,72156,24
1530417600,73956,25
1533096000,75786,26
1535774400,58434,
1538366400,59754,
1541044800,61065,
1543640400,62619,
1546318800,63921,
1548997200,65394,1
1551416400,66789,2
1554091200,68401,3
1556683200,69937,4
1559361600,71573,5
1561953600,72968,6
1564632000,74374,7
1567310400,75776,8
1569902400,77276,9
1572580800,78719,10
1575176400,80148,11
1577854800,81686,12
1580533200,83152,13
1583038800,84591,14
1585713600,86201,15
1588305600,87803,16
1590984000,89491,17
1593576000,90913,18
1596254400,92273,19
1598932800,93669,20
1601524800,95090,21
1604203200,96415,22
1606798800,97719,23
1609477200,99100,24
1612155600,100706,25
1614574800,102126,26
1617249600,105379,27
1619841600,107878,28
1622520000,109762,29
1625112000,113185,30
