1530417600,119039,
1533096000,121910,
1535774400,136224,
1538366400,139430,
1541044800,142670,
1543640400,125238,
1546318800,127741,0
1548997200,130790,0
1551416400,133695,0
1554091200,137066,0
1556683200,140170,1
1559361600,143430,2
1561953600,146415,3
1564632000,149469,4
1567310400,152462,5
1569902400,155617,6
1572580800,158619,7
1575176400,161495,8
1577854800,164519,9
1580533200,167501,10
1583038800,170228,11
1585713600,173459,12
1588305600,176823,13
1590984000,210006,0
1593576000,213471,0
1596254400,217157,0
1598932800,220808,0
1601524800,224238,0
1604203200,228455,1
1606798800,233489,2
