1530417600,118392,
1533096000,121231,
1535774400,135591,
1538366400,138762,
1541044800,141983,
1543640400,124560,
1546318800,127042,
1548997200,130064,
1551416400,132930,
1554091200,136258,
1556683200,139262,1
1559361600,142507,2
1561953600,145428,3
1564632000,148440,4
1567310400,151395,5
1569902400,154515,6
1572580800,157493,7
1575176400,160316,8
1577854800,163275,9
1580533200,166243,10
1583038800,168833,11
1585713600,171956,12
1588305600,175206,13
1590984000,208146,
1593576000,211523,
1596254400,215075,
1598932800,218514,
1601524800,221807,
1604203200,225033,1
1606798800,228246,2
1609477200,231623,3
1612155600,235238,4
1614574800,238595,5
1617249600,244268,6
1619841600,249001,7
1622520000,253270,8
1625112000,242270,
